// !$*UTF8*$!
{
	archiveVersion = 1;
	classes = {
	};
	objectVersion = 46;
	objects = {

/* Begin PBXBuildFile section */
		F284CF9A1BB178B900154105 /* lbfgs.c in Sources */ = {isa = PBXBuildFile; fileRef = F284CF991BB178B900154105 /* lbfgs.c */; settings = {ASSET_TAGS = (); }; };
		F284CF9E1BB178D600154105 /* arithmetic_ansi.h in Headers */ = {isa = PBXBuildFile; fileRef = F284CF9B1BB178D600154105 /* arithmetic_ansi.h */; settings = {ASSET_TAGS = (); }; };
		F284CF9F1BB178D600154105 /* arithmetic_sse_double.h in Headers */ = {isa = PBXBuildFile; fileRef = F284CF9C1BB178D600154105 /* arithmetic_sse_double.h */; settings = {ASSET_TAGS = (); }; };
		F284CFA01BB178D600154105 /* arithmetic_sse_float.h in Headers */ = {isa = PBXBuildFile; fileRef = F284CF9D1BB178D600154105 /* arithmetic_sse_float.h */; settings = {ASSET_TAGS = (); }; };
		F284CFA21BB178EA00154105 /* lbfgs.h in Headers */ = {isa = PBXBuildFile; fileRef = F284CFA11BB178EA00154105 /* lbfgs.h */; settings = {ASSET_TAGS = (); }; };
		F284CFA41BB17A8D00154105 /* liblbfgs.dylib in CopyFiles */ = {isa = PBXBuildFile; fileRef = F26477801BB177EA00D3CE4A /* liblbfgs.dylib */; settings = {ATTRIBUTES = (CodeSignOnCopy, ); }; };
/* End PBXBuildFile section */

/* Begin PBXCopyFilesBuildPhase section */
		F284CFA31BB17A8700154105 /* CopyFiles */ = {
			isa = PBXCopyFilesBuildPhase;
			buildActionMask = 2147483647;
			dstPath = "$(SRCROOT)";
			dstSubfolderSpec = 0;
			files = (
				F284CFA41BB17A8D00154105 /* liblbfgs.dylib in CopyFiles */,
			);
			runOnlyForDeploymentPostprocessing = 0;
		};
/* End PBXCopyFilesBuildPhase section */

/* Begin PBXFileReference section */
		F26477801BB177EA00D3CE4A /* liblbfgs.dylib */ = {isa = PBXFileReference; explicitFileType = "compiled.mach-o.dylib"; includeInIndex = 0; path = liblbfgs.dylib; sourceTree = BUILT_PRODUCTS_DIR; };
		F284CF991BB178B900154105 /* lbfgs.c */ = {isa = PBXFileReference; fileEncoding = 4; lastKnownFileType = sourcecode.c.c; name = lbfgs.c; path = lib/lbfgs.c; sourceTree = "<group>"; };
		F284CF9B1BB178D600154105 /* arithmetic_ansi.h */ = {isa = PBXFileReference; fileEncoding = 4; lastKnownFileType = sourcecode.c.h; name = arithmetic_ansi.h; path = lib/arithmetic_ansi.h; sourceTree = "<group>"; };
		F284CF9C1BB178D600154105 /* arithmetic_sse_double.h */ = {isa = PBXFileReference; fileEncoding = 4; lastKnownFileType = sourcecode.c.h; name = arithmetic_sse_double.h; path = lib/arithmetic_sse_double.h; sourceTree = "<group>"; };
		F284CF9D1BB178D600154105 /* arithmetic_sse_float.h */ = {isa = PBXFileReference; fileEncoding = 4; lastKnownFileType = sourcecode.c.h; name = arithmetic_sse_float.h; path = lib/arithmetic_sse_float.h; sourceTree = "<group>"; };
		F284CFA11BB178EA00154105 /* lbfgs.h */ = {isa = PBXFileReference; fileEncoding = 4; lastKnownFileType = sourcecode.c.h; name = lbfgs.h; path = include/lbfgs.h; sourceTree = "<group>"; };
/* End PBXFileReference section */

/* Begin PBXFrameworksBuildPhase section */
		F264777D1BB177EA00D3CE4A /* Frameworks */ = {
			isa = PBXFrameworksBuildPhase;
			buildActionMask = 2147483647;
			files = (
			);
			runOnlyForDeploymentPostprocessing = 0;
		};
/* End PBXFrameworksBuildPhase section */

/* Begin PBXGroup section */
		F26477771BB177EA00D3CE4A = {
			isa = PBXGroup;
			children = (
				F284CF991BB178B900154105 /* lbfgs.c */,
				F284CFA11BB178EA00154105 /* lbfgs.h */,
				F284CF9B1BB178D600154105 /* arithmetic_ansi.h */,
				F284CF9C1BB178D600154105 /* arithmetic_sse_double.h */,
				F284CF9D1BB178D600154105 /* arithmetic_sse_float.h */,
				F26477811BB177EA00D3CE4A /* Products */,
			);
			sourceTree = "<group>";
		};
		F26477811BB177EA00D3CE4A /* Products */ = {
			isa = PBXGroup;
			children = (
				F26477801BB177EA00D3CE4A /* liblbfgs.dylib */,
			);
			name = Products;
			sourceTree = "<group>";
		};
/* End PBXGroup section */

/* Begin PBXHeadersBuildPhase section */
		F264777E1BB177EA00D3CE4A /* Headers */ = {
			isa = PBXHeadersBuildPhase;
			buildActionMask = 2147483647;
			files = (
				F284CFA01BB178D600154105 /* arithmetic_sse_float.h in Headers */,
				F284CF9E1BB178D600154105 /* arithmetic_ansi.h in Headers */,
				F284CF9F1BB178D600154105 /* arithmetic_sse_double.h in Headers */,
				F284CFA21BB178EA00154105 /* lbfgs.h in Headers */,
			);
			runOnlyForDeploymentPostprocessing = 0;
		};
/* End PBXHeadersBuildPhase section */

/* Begin PBXNativeTarget section */
		F264777F1BB177EA00D3CE4A /* lbfgs */ = {
			isa = PBXNativeTarget;
			buildConfigurationList = F26477841BB177EA00D3CE4A /* Build configuration list for PBXNativeTarget "lbfgs" */;
			buildPhases = (
				F264777C1BB177EA00D3CE4A /* Sources */,
				F264777D1BB177EA00D3CE4A /* Frameworks */,
				F264777E1BB177EA00D3CE4A /* Headers */,
				F284CFA31BB17A8700154105 /* CopyFiles */,
			);
			buildRules = (
			);
			dependencies = (
			);
			name = lbfgs;
			productName = lbfgs;
			productReference = F26477801BB177EA00D3CE4A /* liblbfgs.dylib */;
			productType = "com.apple.product-type.library.dynamic";
		};
/* End PBXNativeTarget section */

/* Begin PBXProject section */
		F26477781BB177EA00D3CE4A /* Project object */ = {
			isa = PBXProject;
			attributes = {
				LastUpgradeCheck = 0700;
				ORGANIZATIONNAME = "Samuel Powell";
				TargetAttributes = {
					F264777F1BB177EA00D3CE4A = {
						CreatedOnToolsVersion = 7.0;
					};
				};
			};
			buildConfigurationList = F264777B1BB177EA00D3CE4A /* Build configuration list for PBXProject "lbfgs" */;
			compatibilityVersion = "Xcode 3.2";
			developmentRegion = English;
			hasScannedForEncodings = 0;
			knownRegions = (
				en,
			);
			mainGroup = F26477771BB177EA00D3CE4A;
			productRefGroup = F26477811BB177EA00D3CE4A /* Products */;
			projectDirPath = "";
			projectRoot = "";
			targets = (
				F264777F1BB177EA00D3CE4A /* lbfgs */,
			);
		};
/* End PBXProject section */

/* Begin PBXSourcesBuildPhase section */
		F264777C1BB177EA00D3CE4A /* Sources */ = {
			isa = PBXSourcesBuildPhase;
			buildActionMask = 2147483647;
			files = (
				F284CF9A1BB178B900154105 /* lbfgs.c in Sources */,
			);
			runOnlyForDeploymentPostprocessing = 0;
		};
/* End PBXSourcesBuildPhase section */

/* Begin XCBuildConfiguration section */
		F26477821BB177EA00D3CE4A /* Debug */ = {
			isa = XCBuildConfiguration;
			buildSettings = {
				ALWAYS_SEARCH_USER_PATHS = NO;
				CLANG_CXX_LANGUAGE_STANDARD = "gnu++0x";
				CLANG_CXX_LIBRARY = "libc++";
				CLANG_ENABLE_MODULES = YES;
				CLANG_ENABLE_OBJC_ARC = YES;
				CLANG_WARN_BOOL_CONVERSION = YES;
				CLANG_WARN_CONSTANT_CONVERSION = YES;
				CLANG_WARN_DIRECT_OBJC_ISA_USAGE = YES_ERROR;
				CLANG_WARN_EMPTY_BODY = YES;
				CLANG_WARN_ENUM_CONVERSION = YES;
				CLANG_WARN_INT_CONVERSION = YES;
				CLANG_WARN_OBJC_ROOT_CLASS = YES_ERROR;
				CLANG_WARN_UNREACHABLE_CODE = YES;
				CLANG_WARN__DUPLICATE_METHOD_MATCH = YES;
				COPY_PHASE_STRIP = NO;
				DEBUG_INFORMATION_FORMAT = dwarf;
				ENABLE_STRICT_OBJC_MSGSEND = YES;
				ENABLE_TESTABILITY = YES;
				GCC_C_LANGUAGE_STANDARD = gnu99;
				GCC_DYNAMIC_NO_PIC = NO;
				GCC_NO_COMMON_BLOCKS = YES;
				GCC_OPTIMIZATION_LEVEL = 0;
				GCC_PREPROCESSOR_DEFINITIONS = (
					"DEBUG=1",
					"$(inherited)",
				);
				GCC_WARN_64_TO_32_BIT_CONVERSION = YES;
				GCC_WARN_ABOUT_RETURN_TYPE = YES_ERROR;
				GCC_WARN_UNDECLARED_SELECTOR = YES;
				GCC_WARN_UNINITIALIZED_AUTOS = YES_AGGRESSIVE;
				GCC_WARN_UNUSED_FUNCTION = YES;
				GCC_WARN_UNUSED_VARIABLE = YES;
				MACOSX_DEPLOYMENT_TARGET = 10.10;
				MTL_ENABLE_DEBUG_INFO = YES;
				ONLY_ACTIVE_ARCH = YES;
				SDKROOT = macosx;
			};
			name = Debug;
		};
		F26477831BB177EA00D3CE4A /* Release */ = {
			isa = XCBuildConfiguration;
			buildSettings = {
				ALWAYS_SEARCH_USER_PATHS = NO;
				CLANG_CXX_LANGUAGE_STANDARD = "gnu++0x";
				CLANG_CXX_LIBRARY = "libc++";
				CLANG_ENABLE_MODULES = YES;
				CLANG_ENABLE_OBJC_ARC = YES;
				CLANG_WARN_BOOL_CONVERSION = YES;
				CLANG_WARN_CONSTANT_CONVERSION = YES;
				CLANG_WARN_DIRECT_OBJC_ISA_USAGE = YES_ERROR;
				CLANG_WARN_EMPTY_BODY = YES;
				CLANG_WARN_ENUM_CONVERSION = YES;
				CLANG_WARN_INT_CONVERSION = YES;
				CLANG_WARN_OBJC_ROOT_CLASS = YES_ERROR;
				CLANG_WARN_UNREACHABLE_CODE = YES;
				CLANG_WARN__DUPLICATE_METHOD_MATCH = YES;
				COPY_PHASE_STRIP = NO;
				DEBUG_INFORMATION_FORMAT = "dwarf-with-dsym";
				ENABLE_NS_ASSERTIONS = NO;
				ENABLE_STRICT_OBJC_MSGSEND = YES;
				GCC_C_LANGUAGE_STANDARD = gnu99;
				GCC_NO_COMMON_BLOCKS = YES;
				GCC_WARN_64_TO_32_BIT_CONVERSION = YES;
				GCC_WARN_ABOUT_RETURN_TYPE = YES_ERROR;
				GCC_WARN_UNDECLARED_SELECTOR = YES;
				GCC_WARN_UNINITIALIZED_AUTOS = YES_AGGRESSIVE;
				GCC_WARN_UNUSED_FUNCTION = YES;
				GCC_WARN_UNUSED_VARIABLE = YES;
				MACOSX_DEPLOYMENT_TARGET = 10.10;
				MTL_ENABLE_DEBUG_INFO = NO;
				SDKROOT = macosx;
			};
			name = Release;
		};
		F26477851BB177EA00D3CE4A /* Debug */ = {
			isa = XCBuildConfiguration;
			buildSettings = {
				CLANG_X86_VECTOR_INSTRUCTIONS = default;
				DYLIB_COMPATIBILITY_VERSION = 1;
				DYLIB_CURRENT_VERSION = 1;
				EXECUTABLE_PREFIX = lib;
				OTHER_CFLAGS = "";
				PRODUCT_NAME = "$(TARGET_NAME)";
			};
			name = Debug;
		};
		F26477861BB177EA00D3CE4A /* Release */ = {
			isa = XCBuildConfiguration;
			buildSettings = {
				CLANG_X86_VECTOR_INSTRUCTIONS = default;
				DYLIB_COMPATIBILITY_VERSION = 1;
				DYLIB_CURRENT_VERSION = 1;
				EXECUTABLE_PREFIX = lib;
				OTHER_CFLAGS = "";
				PRODUCT_NAME = "$(TARGET_NAME)";
			};
			name = Release;
		};
/* End XCBuildConfiguration section */

/* Begin XCConfigurationList section */
		F264777B1BB177EA00D3CE4A /* Build configuration list for PBXProject "lbfgs" */ = {
			isa = XCConfigurationList;
			buildConfigurations = (
				F26477821BB177EA00D3CE4A /* Debug */,
				F26477831BB177EA00D3CE4A /* Release */,
			);
			defaultConfigurationIsVisible = 0;
			defaultConfigurationName = Release;
		};
		F26477841BB177EA00D3CE4A /* Build configuration list for PBXNativeTarget "lbfgs" */ = {
			isa = XCConfigurationList;
			buildConfigurations = (
				F26477851BB177EA00D3CE4A /* Debug */,
				F26477861BB177EA00D3CE4A /* Release */,
			);
			defaultConfigurationIsVisible = 0;
			defaultConfigurationName = Release;
		};
/* End XCConfigurationList section */
	};
	rootObject = F26477781BB177EA00D3CE4A /* Project object */;
}
